PODS:
  - FBSnapshotTestCase (2.1.4):
    - FBSnapshotTestCase/SwiftSupport (= 2.1.4)
  - FBSnapshotTestCase/Core (2.1.4)
  - FBSnapshotTestCase/SwiftSupport (2.1.4):
    - FBSnapshotTestCase/Core
  - HelloWorld (0.1.0)

DEPENDENCIES:
  - FBSnapshotTestCase
  - HelloWorld (from `../`)

SPEC REPOS:
  trunk:
    - FBSnapshotTestCase

EXTERNAL SOURCES:
  HelloWorld:
    :path: "../"

SPEC CHECKSUMS:
  FBSnapshotTestCase: 094f9f314decbabe373b87cc339bea235a63e07a
  HelloWorld: ac298e411455bfb38eadcd6c25af22de10a93298

PODFILE CHECKSUM: 1df67c95d497a912e0df205b4629744ee6443166

COCOAPODS: 1.10.0
